# THIS IS AN AUTOGENERATED FILE. DO NOT EDIT THIS FILE DIRECTLY.
# yarn lockfile v1


chance@^1.0.16:
  version "1.0.16"
  resolved "https://registry.yarnpkg.com/chance/-/chance-1.0.16.tgz#bd61912716b0010c3dca8e3948a960efcaa7bb1b"

compromise@^11.12.3:
  version "11.12.3"
  resolved "https://registry.yarnpkg.com/compromise/-/compromise-11.12.3.tgz#dfdc15c6dc978d1d229ec0265b388468ed69bb01"
  dependencies:
    efrt-unpack "2.0.3"

efrt-unpack@2.0.3:
  version "2.0.3"
  resolved "https://registry.yarnpkg.com/efrt-unpack/-/efrt-unpack-2.0.3.tgz#6ada57793e3dda16d182f6a371fbe3d135af9dc2"

markovian-nlp@^3.0.4:
  version "3.0.4"
  resolved "https://registry.yarnpkg.com/markovian-nlp/-/markovian-nlp-3.0.4.tgz#125ff3c973e3ba9c0903b1b4ea2ff6254e04b0d3"
  dependencies:
    chance "^1.0.16"
    compromise "^11.12.3"
    ramda "^0.25.0"

object-hash@^1.3.0:
  version "1.3.0"
  resolved "https://registry.yarnpkg.com/object-hash/-/object-hash-1.3.0.tgz#76d9ba6ff113cf8efc0d996102851fe6723963e2"

ramda@^0.25.0:
  version "0.25.0"
  resolved "https://registry.yarnpkg.com/ramda/-/ramda-0.25.0.tgz#8fdf68231cffa90bc2f9460390a0cb74a29b29a9"

"seaduck@https://github.com/aparrish/seaduck":
  version "0.0.1"
  resolved "https://github.com/aparrish/seaduck#4fea0be514e1b34132aa67793c112c71dd7a89b1"
  dependencies:
    object-hash "^1.3.0"
    tracery-grammar "^2.7.3"

tracery-grammar@^2.7.3:
  version "2.7.3"
  resolved "https://registry.yarnpkg.com/tracery-grammar/-/tracery-grammar-2.7.3.tgz#463e05f017fb6891de4baea7d464199b697acbea"
